
Microsoft Visual Studio Solution File, Format Version 12.00
# Visual Studio Version 17
VisualStudioVersion = 17.2.32630.192
MinimumVisualStudioVersion = 10.0.40219.1
Project("{FAE04EC0-301F-11D3-BF4B-00C04F79EFBC}") = "Assignemnt-8", "Assignemnt-8\Assignemnt-8.csproj", "{A1D7F815-817B-4FE1-8760-5D6DF324C715}"
EndProject
Global
	GlobalSection(SolutionConfigurationPlatforms) = preSolution
		Debug|Any CPU = Debug|Any CPU
		Release|Any CPU = Release|Any CPU
	EndGlobalSection
	GlobalSection(ProjectConfigurationPlatforms) = postSolution
		{A1D7F815-817B-4FE1-8760-5D6DF324C715}.Debug|Any CPU.ActiveCfg = Debug|Any CPU
		{A1D7F815-817B-4FE1-8760-5D6DF324C715}.Debug|Any CPU.Build.0 = Debug|Any CPU
		{A1D7F815-817B-4FE1-8760-5D6DF324C715}.Release|Any CPU.ActiveCfg = Release|Any CPU
		{A1D7F815-817B-4FE1-8760-5D6DF324C715}.Release|Any CPU.Build.0 = Release|Any CPU
	EndGlobalSection
	GlobalSection(SolutionProperties) = preSolution
		HideSolutionNode = FALSE
	EndGlobalSection
	GlobalSection(ExtensibilityGlobals) = postSolution
		SolutionGuid = {B5FC473F-B0E3-4C8C-A4F6-6BE00CD0084B}
	EndGlobalSection
EndGlobal
